
Microsoft Visual Studio Solution File, Format Version 12.00
# Visual Studio 15
VisualStudioVersion = 15.0.27130.2036
MinimumVisualStudioVersion = 10.0.40219.1
Project("{FAE04EC0-301F-11D3-BF4B-00C04F79EFBC}") = "EntityFramework.Reverse.POCO.Generator", "EntityFramework.Reverse.POCO.Generator\EntityFramework.Reverse.POCO.Generator.csproj", "{62C240E6-2759-426C-ABDC-10CC37334D64}"
EndProject
Project("{9A19103F-16F7-4668-BE54-9A1E7A4F7556}") = "EntityFramework Reverse POCO Generator", "EntityFramework Reverse POCO Generator\EntityFramework Reverse POCO Generator.csproj", "{DAA0BCDF-8127-44DA-9FBC-7A4779B1F40F}"
EndProject
Project("{9A19103F-16F7-4668-BE54-9A1E7A4F7556}") = "PocoGenerator.Utilities", "PocoGenerator.Utilities\PocoGenerator.Utilities.csproj", "{F1972E5F-03FB-4F1F-BC71-C409588E4EA0}"
EndProject
Project("{9A19103F-16F7-4668-BE54-9A1E7A4F7556}") = "Tester.BusinessLogic", "Tester.BusinessLogic\Tester.BusinessLogic.csproj", "{6B6437F1-3AF2-4358-B0C9-AC6B8F4FAC8B}"
EndProject
Project("{9A19103F-16F7-4668-BE54-9A1E7A4F7556}") = "Tester.UnitTest", "Tester.UnitTest\Tester.UnitTest.csproj", "{2E764DF9-9742-4228-B3C6-06BFDDA57B7C}"
EndProject
Global
	GlobalSection(SolutionConfigurationPlatforms) = preSolution
		Debug|Any CPU = Debug|Any CPU
		Release|Any CPU = Release|Any CPU
	EndGlobalSection
	GlobalSection(ProjectConfigurationPlatforms) = postSolution
		{62C240E6-2759-426C-ABDC-10CC37334D64}.Debug|Any CPU.ActiveCfg = Debug|Any CPU
		{62C240E6-2759-426C-ABDC-10CC37334D64}.Debug|Any CPU.Build.0 = Debug|Any CPU
		{62C240E6-2759-426C-ABDC-10CC37334D64}.Release|Any CPU.ActiveCfg = Release|Any CPU
		{62C240E6-2759-426C-ABDC-10CC37334D64}.Release|Any CPU.Build.0 = Release|Any CPU
		{DAA0BCDF-8127-44DA-9FBC-7A4779B1F40F}.Debug|Any CPU.ActiveCfg = Debug|Any CPU
		{DAA0BCDF-8127-44DA-9FBC-7A4779B1F40F}.Debug|Any CPU.Build.0 = Debug|Any CPU
		{DAA0BCDF-8127-44DA-9FBC-7A4779B1F40F}.Release|Any CPU.ActiveCfg = Release|Any CPU
		{DAA0BCDF-8127-44DA-9FBC-7A4779B1F40F}.Release|Any CPU.Build.0 = Release|Any CPU
		{F1972E5F-03FB-4F1F-BC71-C409588E4EA0}.Debug|Any CPU.ActiveCfg = Debug|Any CPU
		{F1972E5F-03FB-4F1F-BC71-C409588E4EA0}.Debug|Any CPU.Build.0 = Debug|Any CPU
		{F1972E5F-03FB-4F1F-BC71-C409588E4EA0}.Release|Any CPU.ActiveCfg = Release|Any CPU
		{F1972E5F-03FB-4F1F-BC71-C409588E4EA0}.Release|Any CPU.Build.0 = Release|Any CPU
		{6B6437F1-3AF2-4358-B0C9-AC6B8F4FAC8B}.Debug|Any CPU.ActiveCfg = Debug|Any CPU
		{6B6437F1-3AF2-4358-B0C9-AC6B8F4FAC8B}.Debug|Any CPU.Build.0 = Debug|Any CPU
		{6B6437F1-3AF2-4358-B0C9-AC6B8F4FAC8B}.Release|Any CPU.ActiveCfg = Release|Any CPU
		{6B6437F1-3AF2-4358-B0C9-AC6B8F4FAC8B}.Release|Any CPU.Build.0 = Release|Any CPU
		{2E764DF9-9742-4228-B3C6-06BFDDA57B7C}.Debug|Any CPU.ActiveCfg = Debug|Any CPU
		{2E764DF9-9742-4228-B3C6-06BFDDA57B7C}.Debug|Any CPU.Build.0 = Debug|Any CPU
		{2E764DF9-9742-4228-B3C6-06BFDDA57B7C}.Release|Any CPU.ActiveCfg = Release|Any CPU
		{2E764DF9-9742-4228-B3C6-06BFDDA57B7C}.Release|Any CPU.Build.0 = Release|Any CPU
	EndGlobalSection
	GlobalSection(SolutionProperties) = preSolution
		HideSolutionNode = FALSE
	EndGlobalSection
	GlobalSection(ExtensibilityGlobals) = postSolution
		SolutionGuid = {F797CE5C-BD36-442C-8325-60CAC52EE23A}
	EndGlobalSection
EndGlobal
